
Microsoft Visual Studio Solution File, Format Version 12.00
# Visual Studio Version 17
VisualStudioVersion = 17.7.34018.315
MinimumVisualStudioVersion = 10.0.40219.1
Project("{FAE04EC0-301F-11D3-BF4B-00C04F79EFBC}") = "no_it_yet", "no_it_yet\no_it_yet.csproj", "{8B72F009-D9DD-4EB2-96EC-0E94411A23CB}"
EndProject
Global
	GlobalSection(SolutionConfigurationPlatforms) = preSolution
		Debug|Any CPU = Debug|Any CPU
		Release|Any CPU = Release|Any CPU
	EndGlobalSection
	GlobalSection(ProjectConfigurationPlatforms) = postSolution
		{8B72F009-D9DD-4EB2-96EC-0E94411A23CB}.Debug|Any CPU.ActiveCfg = Debug|Any CPU
		{8B72F009-D9DD-4EB2-96EC-0E94411A23CB}.Debug|Any CPU.Build.0 = Debug|Any CPU
		{8B72F009-D9DD-4EB2-96EC-0E94411A23CB}.Release|Any CPU.ActiveCfg = Release|Any CPU
		{8B72F009-D9DD-4EB2-96EC-0E94411A23CB}.Release|Any CPU.Build.0 = Release|Any CPU
	EndGlobalSection
	GlobalSection(SolutionProperties) = preSolution
		HideSolutionNode = FALSE
	EndGlobalSection
	GlobalSection(ExtensibilityGlobals) = postSolution
		SolutionGuid = {F04C5A99-8E50-429F-8F43-3F1543C0136C}
	EndGlobalSection
EndGlobal
